
Microsoft Visual Studio Solution File, Format Version 12.00
# Visual Studio Version 17
VisualStudioVersion = 17.5.002.0
MinimumVisualStudioVersion = 10.0.40219.1
Project("{2150E333-8FDC-42A3-9474-1A3956D46DE8}") = "dev", "dev", "{EFA89FBE-90E8-407A-B48C-495C3D5E5C64}"
EndProject
Project("{9A19103F-16F7-4668-BE54-9A1E7A4F7556}") = "MeuApp", "dev\MeuApp\MeuApp.csproj", "{B39C6C8B-CFE5-4E32-AD35-597B9FA4E1D1}"
EndProject
Project("{9A19103F-16F7-4668-BE54-9A1E7A4F7556}") = "NovoTeste", "dev\NovoTeste\NovoTeste.csproj", "{865A0F9A-3A68-4D4E-9E6F-C1032FF39C5B}"
EndProject
Project("{9A19103F-16F7-4668-BE54-9A1E7A4F7556}") = "Teste", "dev\Teste\Teste.csproj", "{F19F69CB-F264-44D6-B8C6-A7CA95D12B9B}"
EndProject
Global
	GlobalSection(SolutionConfigurationPlatforms) = preSolution
		Debug|Any CPU = Debug|Any CPU
		Release|Any CPU = Release|Any CPU
	EndGlobalSection
	GlobalSection(ProjectConfigurationPlatforms) = postSolution
		{B39C6C8B-CFE5-4E32-AD35-597B9FA4E1D1}.Debug|Any CPU.ActiveCfg = Debug|Any CPU
		{B39C6C8B-CFE5-4E32-AD35-597B9FA4E1D1}.Debug|Any CPU.Build.0 = Debug|Any CPU
		{B39C6C8B-CFE5-4E32-AD35-597B9FA4E1D1}.Release|Any CPU.ActiveCfg = Release|Any CPU
		{B39C6C8B-CFE5-4E32-AD35-597B9FA4E1D1}.Release|Any CPU.Build.0 = Release|Any CPU
		{865A0F9A-3A68-4D4E-9E6F-C1032FF39C5B}.Debug|Any CPU.ActiveCfg = Debug|Any CPU
		{865A0F9A-3A68-4D4E-9E6F-C1032FF39C5B}.Debug|Any CPU.Build.0 = Debug|Any CPU
		{865A0F9A-3A68-4D4E-9E6F-C1032FF39C5B}.Release|Any CPU.ActiveCfg = Release|Any CPU
		{865A0F9A-3A68-4D4E-9E6F-C1032FF39C5B}.Release|Any CPU.Build.0 = Release|Any CPU
		{F19F69CB-F264-44D6-B8C6-A7CA95D12B9B}.Debug|Any CPU.ActiveCfg = Debug|Any CPU
		{F19F69CB-F264-44D6-B8C6-A7CA95D12B9B}.Debug|Any CPU.Build.0 = Debug|Any CPU
		{F19F69CB-F264-44D6-B8C6-A7CA95D12B9B}.Release|Any CPU.ActiveCfg = Release|Any CPU
		{F19F69CB-F264-44D6-B8C6-A7CA95D12B9B}.Release|Any CPU.Build.0 = Release|Any CPU
	EndGlobalSection
	GlobalSection(SolutionProperties) = preSolution
		HideSolutionNode = FALSE
	EndGlobalSection
	GlobalSection(NestedProjects) = preSolution
		{B39C6C8B-CFE5-4E32-AD35-597B9FA4E1D1} = {EFA89FBE-90E8-407A-B48C-495C3D5E5C64}
		{865A0F9A-3A68-4D4E-9E6F-C1032FF39C5B} = {EFA89FBE-90E8-407A-B48C-495C3D5E5C64}
		{F19F69CB-F264-44D6-B8C6-A7CA95D12B9B} = {EFA89FBE-90E8-407A-B48C-495C3D5E5C64}
	EndGlobalSection
	GlobalSection(ExtensibilityGlobals) = postSolution
		SolutionGuid = {12415E4D-545E-4C6E-AD1D-80A00CB68434}
	EndGlobalSection
EndGlobal
