
Microsoft Visual Studio Solution File, Format Version 12.00
# Visual Studio Version 17
VisualStudioVersion = 17.5.002.0
MinimumVisualStudioVersion = 10.0.40219.1
Project("{9A19103F-16F7-4668-BE54-9A1E7A4F7556}") = "MeuApp", "MeuApp.csproj", "{EE5B63BD-E1A5-4F2C-9937-E2F61EC8EFEE}"
EndProject
Global
	GlobalSection(SolutionConfigurationPlatforms) = preSolution
		Debug|Any CPU = Debug|Any CPU
		Release|Any CPU = Release|Any CPU
	EndGlobalSection
	GlobalSection(ProjectConfigurationPlatforms) = postSolution
		{EE5B63BD-E1A5-4F2C-9937-E2F61EC8EFEE}.Debug|Any CPU.ActiveCfg = Debug|Any CPU
		{EE5B63BD-E1A5-4F2C-9937-E2F61EC8EFEE}.Debug|Any CPU.Build.0 = Debug|Any CPU
		{EE5B63BD-E1A5-4F2C-9937-E2F61EC8EFEE}.Release|Any CPU.ActiveCfg = Release|Any CPU
		{EE5B63BD-E1A5-4F2C-9937-E2F61EC8EFEE}.Release|Any CPU.Build.0 = Release|Any CPU
	EndGlobalSection
	GlobalSection(SolutionProperties) = preSolution
		HideSolutionNode = FALSE
	EndGlobalSection
	GlobalSection(ExtensibilityGlobals) = postSolution
		SolutionGuid = {9FB5BDEA-CF0D-4196-827A-B76EE49E6415}
	EndGlobalSection
EndGlobal
